
Microsoft Visual Studio Solution File, Format Version 12.00
# Visual Studio Version 16
VisualStudioVersion = 16.0.29020.237
MinimumVisualStudioVersion = 10.0.40219.1
Project("{FAE04EC0-301F-11D3-BF4B-00C04F79EFBC}") = "Calculador", "Calculador\Calculador.csproj", "{924B6F8E-6A7E-4C28-BBC8-A9C8FE123FAE}"
EndProject
Global
	GlobalSection(SolutionConfigurationPlatforms) = preSolution
		Debug|Any CPU = Debug|Any CPU
		Release|Any CPU = Release|Any CPU
	EndGlobalSection
	GlobalSection(ProjectConfigurationPlatforms) = postSolution
		{924B6F8E-6A7E-4C28-BBC8-A9C8FE123FAE}.Debug|Any CPU.ActiveCfg = Debug|Any CPU
		{924B6F8E-6A7E-4C28-BBC8-A9C8FE123FAE}.Debug|Any CPU.Build.0 = Debug|Any CPU
		{924B6F8E-6A7E-4C28-BBC8-A9C8FE123FAE}.Release|Any CPU.ActiveCfg = Release|Any CPU
		{924B6F8E-6A7E-4C28-BBC8-A9C8FE123FAE}.Release|Any CPU.Build.0 = Release|Any CPU
	EndGlobalSection
	GlobalSection(SolutionProperties) = preSolution
		HideSolutionNode = FALSE
	EndGlobalSection
	GlobalSection(ExtensibilityGlobals) = postSolution
		SolutionGuid = {7DB27223-C722-44DE-BE0E-247AAE445B5B}
	EndGlobalSection
EndGlobal
